
Microsoft Visual Studio Solution File, Format Version 12.00
# Visual Studio Version 17
VisualStudioVersion = 17.14.36518.9 d17.14
MinimumVisualStudioVersion = 10.0.40219.1
Project("{FAE04EC0-301F-11D3-BF4B-00C04F79EFBC}") = "ChatServer", "ChatServer\ChatServer.csproj", "{D9E6384B-D83E-4449-915C-758B617096BD}"
EndProject
Project("{FAE04EC0-301F-11D3-BF4B-00C04F79EFBC}") = "ChatClient", "ChatClient\ChatClient.csproj", "{DCC85D1C-8BB8-42DE-81D3-2CC6523482DA}"
EndProject
Global
	GlobalSection(SolutionConfigurationPlatforms) = preSolution
		Debug|Any CPU = Debug|Any CPU
		Release|Any CPU = Release|Any CPU
	EndGlobalSection
	GlobalSection(ProjectConfigurationPlatforms) = postSolution
		{D9E6384B-D83E-4449-915C-758B617096BD}.Debug|Any CPU.ActiveCfg = Debug|Any CPU
		{D9E6384B-D83E-4449-915C-758B617096BD}.Debug|Any CPU.Build.0 = Debug|Any CPU
		{D9E6384B-D83E-4449-915C-758B617096BD}.Release|Any CPU.ActiveCfg = Release|Any CPU
		{D9E6384B-D83E-4449-915C-758B617096BD}.Release|Any CPU.Build.0 = Release|Any CPU
		{DCC85D1C-8BB8-42DE-81D3-2CC6523482DA}.Debug|Any CPU.ActiveCfg = Debug|Any CPU
		{DCC85D1C-8BB8-42DE-81D3-2CC6523482DA}.Debug|Any CPU.Build.0 = Debug|Any CPU
		{DCC85D1C-8BB8-42DE-81D3-2CC6523482DA}.Release|Any CPU.ActiveCfg = Release|Any CPU
		{DCC85D1C-8BB8-42DE-81D3-2CC6523482DA}.Release|Any CPU.Build.0 = Release|Any CPU
	EndGlobalSection
	GlobalSection(SolutionProperties) = preSolution
		HideSolutionNode = FALSE
	EndGlobalSection
	GlobalSection(ExtensibilityGlobals) = postSolution
		SolutionGuid = {405B1844-4505-4DE2-B308-C550D09AC2C8}
	EndGlobalSection
EndGlobal
